
Microsoft Visual Studio Solution File, Format Version 12.00
# Visual Studio Version 16
VisualStudioVersion = 16.0.31727.386
MinimumVisualStudioVersion = 10.0.40219.1
Project("{FAE04EC0-301F-11D3-BF4B-00C04F79EFBC}") = "temp", "temp\temp.csproj", "{7BE0B24B-FBB5-4C1C-977F-3D8637C61A24}"
EndProject
Global
	GlobalSection(SolutionConfigurationPlatforms) = preSolution
		Debug|Any CPU = Debug|Any CPU
		Release|Any CPU = Release|Any CPU
	EndGlobalSection
	GlobalSection(ProjectConfigurationPlatforms) = postSolution
		{7BE0B24B-FBB5-4C1C-977F-3D8637C61A24}.Debug|Any CPU.ActiveCfg = Debug|Any CPU
		{7BE0B24B-FBB5-4C1C-977F-3D8637C61A24}.Debug|Any CPU.Build.0 = Debug|Any CPU
		{7BE0B24B-FBB5-4C1C-977F-3D8637C61A24}.Release|Any CPU.ActiveCfg = Release|Any CPU
		{7BE0B24B-FBB5-4C1C-977F-3D8637C61A24}.Release|Any CPU.Build.0 = Release|Any CPU
	EndGlobalSection
	GlobalSection(SolutionProperties) = preSolution
		HideSolutionNode = FALSE
	EndGlobalSection
	GlobalSection(ExtensibilityGlobals) = postSolution
		SolutionGuid = {6DC1254E-F695-4834-99B2-B7CECD6EF7F2}
	EndGlobalSection
EndGlobal
